
Microsoft Visual Studio Solution File, Format Version 12.00
# Visual Studio 15
VisualStudioVersion = 15.0.27703.2047
MinimumVisualStudioVersion = 10.0.40219.1
Project("{8BC9CEB8-8B4A-11D0-8D11-00A0C91BC942}") = "WinLink", "WinLink\WinLink.vcxproj", "{4F6CFA00-87CA-4BA0-99FE-C1D65DACA578}"
EndProject
Global
	GlobalSection(SolutionConfigurationPlatforms) = preSolution
		Debug|ARM = Debug|ARM
		Debug|x64 = Debug|x64
		Debug|x86 = Debug|x86
		Release|ARM = Release|ARM
		Release|x64 = Release|x64
		Release|x86 = Release|x86
	EndGlobalSection
	GlobalSection(ProjectConfigurationPlatforms) = postSolution
		{4F6CFA00-87CA-4BA0-99FE-C1D65DACA578}.Debug|ARM.ActiveCfg = Debug|ARM
		{4F6CFA00-87CA-4BA0-99FE-C1D65DACA578}.Debug|ARM.Build.0 = Debug|ARM
		{4F6CFA00-87CA-4BA0-99FE-C1D65DACA578}.Debug|x64.ActiveCfg = Debug|x64
		{4F6CFA00-87CA-4BA0-99FE-C1D65DACA578}.Debug|x64.Build.0 = Debug|x64
		{4F6CFA00-87CA-4BA0-99FE-C1D65DACA578}.Debug|x86.ActiveCfg = Debug|x86
		{4F6CFA00-87CA-4BA0-99FE-C1D65DACA578}.Debug|x86.Build.0 = Debug|x86
		{4F6CFA00-87CA-4BA0-99FE-C1D65DACA578}.Release|ARM.ActiveCfg = Release|ARM
		{4F6CFA00-87CA-4BA0-99FE-C1D65DACA578}.Release|ARM.Build.0 = Release|ARM
		{4F6CFA00-87CA-4BA0-99FE-C1D65DACA578}.Release|x64.ActiveCfg = Release|x64
		{4F6CFA00-87CA-4BA0-99FE-C1D65DACA578}.Release|x64.Build.0 = Release|x64
		{4F6CFA00-87CA-4BA0-99FE-C1D65DACA578}.Release|x86.ActiveCfg = Release|x86
		{4F6CFA00-87CA-4BA0-99FE-C1D65DACA578}.Release|x86.Build.0 = Release|x86
	EndGlobalSection
	GlobalSection(SolutionProperties) = preSolution
		HideSolutionNode = FALSE
	EndGlobalSection
	GlobalSection(ExtensibilityGlobals) = postSolution
		SolutionGuid = {709E76EB-0A70-4797-80F0-AF3E6E2A5BA5}
	EndGlobalSection
EndGlobal
